
Microsoft Visual Studio Solution File, Format Version 12.00
# Visual Studio Version 17
VisualStudioVersion = 17.2.32516.85
MinimumVisualStudioVersion = 10.0.40219.1
Project("{FAE04EC0-301F-11D3-BF4B-00C04F79EFBC}") = "Types", "Types\Types.csproj", "{610957B7-69DF-458C-A1F4-2BF5EB296CAE}"
EndProject
Global
	GlobalSection(SolutionConfigurationPlatforms) = preSolution
		Debug|Any CPU = Debug|Any CPU
		Release|Any CPU = Release|Any CPU
	EndGlobalSection
	GlobalSection(ProjectConfigurationPlatforms) = postSolution
		{610957B7-69DF-458C-A1F4-2BF5EB296CAE}.Debug|Any CPU.ActiveCfg = Debug|Any CPU
		{610957B7-69DF-458C-A1F4-2BF5EB296CAE}.Debug|Any CPU.Build.0 = Debug|Any CPU
		{610957B7-69DF-458C-A1F4-2BF5EB296CAE}.Release|Any CPU.ActiveCfg = Release|Any CPU
		{610957B7-69DF-458C-A1F4-2BF5EB296CAE}.Release|Any CPU.Build.0 = Release|Any CPU
	EndGlobalSection
	GlobalSection(SolutionProperties) = preSolution
		HideSolutionNode = FALSE
	EndGlobalSection
	GlobalSection(ExtensibilityGlobals) = postSolution
		SolutionGuid = {36CA70A6-88A2-44BC-8B3D-4EB5D3E55084}
	EndGlobalSection
EndGlobal
